
Microsoft Visual Studio Solution File, Format Version 12.00
# Visual Studio Version 16
VisualStudioVersion = 16.0.31205.134
MinimumVisualStudioVersion = 10.0.40219.1
Project("{9A19103F-16F7-4668-BE54-9A1E7A4F7556}") = "Understanding-Middleware", "Understanding-Middleware\Understanding-Middleware.csproj", "{52904142-4DC0-4E11-847B-C9C45C5F5FED}"
EndProject
Global
	GlobalSection(SolutionConfigurationPlatforms) = preSolution
		Debug|Any CPU = Debug|Any CPU
		Release|Any CPU = Release|Any CPU
	EndGlobalSection
	GlobalSection(ProjectConfigurationPlatforms) = postSolution
		{52904142-4DC0-4E11-847B-C9C45C5F5FED}.Debug|Any CPU.ActiveCfg = Debug|Any CPU
		{52904142-4DC0-4E11-847B-C9C45C5F5FED}.Debug|Any CPU.Build.0 = Debug|Any CPU
		{52904142-4DC0-4E11-847B-C9C45C5F5FED}.Release|Any CPU.ActiveCfg = Release|Any CPU
		{52904142-4DC0-4E11-847B-C9C45C5F5FED}.Release|Any CPU.Build.0 = Release|Any CPU
	EndGlobalSection
	GlobalSection(SolutionProperties) = preSolution
		HideSolutionNode = FALSE
	EndGlobalSection
	GlobalSection(ExtensibilityGlobals) = postSolution
		SolutionGuid = {A2BD05F4-4240-42E1-B4C0-43FC0E4B4F07}
	EndGlobalSection
EndGlobal
